
Microsoft Visual Studio Solution File, Format Version 12.00
# Visual Studio Version 16
VisualStudioVersion = 16.0.31005.135
MinimumVisualStudioVersion = 10.0.40219.1
Project("{FAE04EC0-301F-11D3-BF4B-00C04F79EFBC}") = "Backend6", "Weblab6\Backend6.csproj", "{5EB5CB2B-0F1D-48F3-8E3C-818627739707}"
EndProject
Global
	GlobalSection(SolutionConfigurationPlatforms) = preSolution
		Debug|Any CPU = Debug|Any CPU
		Release|Any CPU = Release|Any CPU
	EndGlobalSection
	GlobalSection(ProjectConfigurationPlatforms) = postSolution
		{5EB5CB2B-0F1D-48F3-8E3C-818627739707}.Debug|Any CPU.ActiveCfg = Debug|Any CPU
		{5EB5CB2B-0F1D-48F3-8E3C-818627739707}.Debug|Any CPU.Build.0 = Debug|Any CPU
		{5EB5CB2B-0F1D-48F3-8E3C-818627739707}.Release|Any CPU.ActiveCfg = Release|Any CPU
		{5EB5CB2B-0F1D-48F3-8E3C-818627739707}.Release|Any CPU.Build.0 = Release|Any CPU
	EndGlobalSection
	GlobalSection(SolutionProperties) = preSolution
		HideSolutionNode = FALSE
	EndGlobalSection
	GlobalSection(ExtensibilityGlobals) = postSolution
		SolutionGuid = {632907CB-0183-4694-BBC6-16416D89EF85}
	EndGlobalSection
EndGlobal
